PODS:
  - Alamofire (5.6.4)
  - GKCover (3.0.1)
  - HandyJSON (5.0.2)
  - IQKeyboardManagerSwift (6.5.11)
  - MBProgressHUD (1.2.0)
  - MJRefresh (3.7.5)
  - SDWebImage (5.15.6):
    - SDWebImage/Core (= 5.15.6)
  - SDWebImage/Core (5.15.6)
  - SKArchCutter (0.0.6)
  - SnapKit (5.6.0)
  - VTMagic (1.2.4):
    - VTMagic/Core (= 1.2.4)
  - VTMagic/Core (1.2.4)
  - YYText (1.0.7)

DEPENDENCIES:
  - Alamofire (~> 5.6.4)
  - GKCover (~> 3.0.1)
  - HandyJSON (~> 5.0.2)
  - IQKeyboardManagerSwift (~> 6.5.11)
  - MBProgressHUD (~> 1.2.0)
  - MJRefresh (~> 3.7.5)
  - SDWebImage (~> 5.15.6)
  - SKArchCutter
  - SnapKit (~> 5.6.0)
  - VTMagic (~> 1.2.4)
  - YYText (~> 1.0.7)

SPEC REPOS:
  trunk:
    - Alamofire
    - GKCover
    - HandyJSON
    - IQKeyboardManagerSwift
    - MBProgressHUD
    - MJRefresh
    - SDWebImage
    - SKArchCutter
    - SnapKit
    - VTMagic
    - YYText

SPEC CHECKSUMS:
  Alamofire: 4e95d97098eacb88856099c4fc79b526a299e48c
  GKCover: 6486cf87c0a5cae4bb5c3a09e17925ad8b466412
  HandyJSON: 9e4e236f5d2dbefad5155a77417bbea438201c03
  IQKeyboardManagerSwift: c7955c0bdbf7b2eb29bb7daaa44e3d90f55a9a85
  MBProgressHUD: 3ee5efcc380f6a79a7cc9b363dd669c5e1ae7406
  MJRefresh: fdf5e979eb406a0341468932d1dfc8b7f9fce961
  SDWebImage: d47d81bea8a77187896b620dc79c3c528e8906b9
  SKArchCutter: 0d83731d663e363ef81f308376583811c2b00f65
  SnapKit: e01d52ebb8ddbc333eefe2132acf85c8227d9c25
  VTMagic: b49e5f456dbcbfd9a3588ba92417233a105bc193
  YYText: 5c461d709e24d55a182d1441c41dc639a18a4849

PODFILE CHECKSUM: a61e9289f2664f839ddf4529540be66660167754

COCOAPODS: 1.11.3
